// !$*UTF8*$!
{
	archiveVersion = 1;
	classes = {
	};
	objectVersion = 56;
	objects = {

/* Begin PBXBuildFile section */
		D36E2C9829643E3900C9B628 /* Shape_Builder_ver_2App.swift in Sources */ = {isa = PBXBuildFile; fileRef = D36E2C9729643E3900C9B628 /* Shape_Builder_ver_2App.swift */; };
		D36E2C9A29643E3900C9B628 /* ContentView.swift in Sources */ = {isa = PBXBuildFile; fileRef = D36E2C9929643E3900C9B628 /* ContentView.swift */; };
		D36E2C9C29643E3A00C9B628 /* Assets.xcassets in Resources */ = {isa = PBXBuildFile; fileRef = D36E2C9B29643E3A00C9B628 /* Assets.xcassets */; };
		D36E2C9F29643E3A00C9B628 /* Preview Assets.xcassets in Resources */ = {isa = PBXBuildFile; fileRef = D36E2C9E29643E3A00C9B628 /* Preview Assets.xcassets */; };
		D36E2CA629643F3200C9B628 /* NavigationBar.swift in Sources */ = {isa = PBXBuildFile; fileRef = D36E2CA529643F3200C9B628 /* NavigationBar.swift */; };
		D36E2CA829643FD000C9B628 /* Entity.swift in Sources */ = {isa = PBXBuildFile; fileRef = D36E2CA729643FD000C9B628 /* Entity.swift */; };
		D36E2CAA2964400900C9B628 /* Device.swift in Sources */ = {isa = PBXBuildFile; fileRef = D36E2CA92964400900C9B628 /* Device.swift */; };
		D36E2CAC2964409800C9B628 /* DeviceView.swift in Sources */ = {isa = PBXBuildFile; fileRef = D36E2CAB2964409800C9B628 /* DeviceView.swift */; };
		D36E2CAE2964416600C9B628 /* EntityView.swift in Sources */ = {isa = PBXBuildFile; fileRef = D36E2CAD2964416600C9B628 /* EntityView.swift */; };
		D36E2CB02964424300C9B628 /* EntityFace.swift in Sources */ = {isa = PBXBuildFile; fileRef = D36E2CAF2964424300C9B628 /* EntityFace.swift */; };
		D36E2CB22964439200C9B628 /* ScreenView.swift in Sources */ = {isa = PBXBuildFile; fileRef = D36E2CB12964439200C9B628 /* ScreenView.swift */; };
		D36E2CB42964441500C9B628 /* ShapeToolBar_View.swift in Sources */ = {isa = PBXBuildFile; fileRef = D36E2CB32964441500C9B628 /* ShapeToolBar_View.swift */; };
		D36E2CB829644A1E00C9B628 /* Document.swift in Sources */ = {isa = PBXBuildFile; fileRef = D36E2CB729644A1E00C9B628 /* Document.swift */; };
/* End PBXBuildFile section */

/* Begin PBXFileReference section */
		D36E2C9429643E3900C9B628 /* Shape Builder ver.2.app */ = {isa = PBXFileReference; explicitFileType = wrapper.application; includeInIndex = 0; path = "Shape Builder ver.2.app"; sourceTree = BUILT_PRODUCTS_DIR; };
		D36E2C9729643E3900C9B628 /* Shape_Builder_ver_2App.swift */ = {isa = PBXFileReference; lastKnownFileType = sourcecode.swift; path = Shape_Builder_ver_2App.swift; sourceTree = "<group>"; };
		D36E2C9929643E3900C9B628 /* ContentView.swift */ = {isa = PBXFileReference; lastKnownFileType = sourcecode.swift; path = ContentView.swift; sourceTree = "<group>"; };
		D36E2C9B29643E3A00C9B628 /* Assets.xcassets */ = {isa = PBXFileReference; lastKnownFileType = folder.assetcatalog; path = Assets.xcassets; sourceTree = "<group>"; };
		D36E2C9E29643E3A00C9B628 /* Preview Assets.xcassets */ = {isa = PBXFileReference; lastKnownFileType = folder.assetcatalog; path = "Preview Assets.xcassets"; sourceTree = "<group>"; };
		D36E2CA529643F3200C9B628 /* NavigationBar.swift */ = {isa = PBXFileReference; lastKnownFileType = sourcecode.swift; path = NavigationBar.swift; sourceTree = "<group>"; };
		D36E2CA729643FD000C9B628 /* Entity.swift */ = {isa = PBXFileReference; lastKnownFileType = sourcecode.swift; path = Entity.swift; sourceTree = "<group>"; };
		D36E2CA92964400900C9B628 /* Device.swift */ = {isa = PBXFileReference; lastKnownFileType = sourcecode.swift; path = Device.swift; sourceTree = "<group>"; };
		D36E2CAB2964409800C9B628 /* DeviceView.swift */ = {isa = PBXFileReference; lastKnownFileType = sourcecode.swift; path = DeviceView.swift; sourceTree = "<group>"; };
		D36E2CAD2964416600C9B628 /* EntityView.swift */ = {isa = PBXFileReference; lastKnownFileType = sourcecode.swift; path = EntityView.swift; sourceTree = "<group>"; };
		D36E2CAF2964424300C9B628 /* EntityFace.swift */ = {isa = PBXFileReference; lastKnownFileType = sourcecode.swift; path = EntityFace.swift; sourceTree = "<group>"; };
		D36E2CB12964439200C9B628 /* ScreenView.swift */ = {isa = PBXFileReference; lastKnownFileType = sourcecode.swift; path = ScreenView.swift; sourceTree = "<group>"; };
		D36E2CB32964441500C9B628 /* ShapeToolBar_View.swift */ = {isa = PBXFileReference; lastKnownFileType = sourcecode.swift; path = ShapeToolBar_View.swift; sourceTree = "<group>"; };
		D36E2CB729644A1E00C9B628 /* Document.swift */ = {isa = PBXFileReference; lastKnownFileType = sourcecode.swift; path = Document.swift; sourceTree = "<group>"; };
/* End PBXFileReference section */

/* Begin PBXFrameworksBuildPhase section */
		D36E2C9129643E3900C9B628 /* Frameworks */ = {
			isa = PBXFrameworksBuildPhase;
			buildActionMask = 2147483647;
			files = (
			);
			runOnlyForDeploymentPostprocessing = 0;
		};
/* End PBXFrameworksBuildPhase section */

/* Begin PBXGroup section */
		D36E2C8B29643E3900C9B628 = {
			isa = PBXGroup;
			children = (
				D36E2C9629643E3900C9B628 /* Shape Builder ver.2 */,
				D36E2C9529643E3900C9B628 /* Products */,
			);
			sourceTree = "<group>";
		};
		D36E2C9529643E3900C9B628 /* Products */ = {
			isa = PBXGroup;
			children = (
				D36E2C9429643E3900C9B628 /* Shape Builder ver.2.app */,
			);
			name = Products;
			sourceTree = "<group>";
		};
		D36E2C9629643E3900C9B628 /* Shape Builder ver.2 */ = {
			isa = PBXGroup;
			children = (
				D36E2CB6296444F300C9B628 /* Doc */,
				D36E2CB5296444DF00C9B628 /* View */,
				D36E2CB32964441500C9B628 /* ShapeToolBar_View.swift */,
				D36E2CA529643F3200C9B628 /* NavigationBar.swift */,
				D36E2C9929643E3900C9B628 /* ContentView.swift */,
				D36E2C9729643E3900C9B628 /* Shape_Builder_ver_2App.swift */,
				D36E2C9B29643E3A00C9B628 /* Assets.xcassets */,
				D36E2C9D29643E3A00C9B628 /* Preview Content */,
			);
			path = "Shape Builder ver.2";
			sourceTree = "<group>";
		};
		D36E2C9D29643E3A00C9B628 /* Preview Content */ = {
			isa = PBXGroup;
			children = (
				D36E2C9E29643E3A00C9B628 /* Preview Assets.xcassets */,
			);
			path = "Preview Content";
			sourceTree = "<group>";
		};
		D36E2CB5296444DF00C9B628 /* View */ = {
			isa = PBXGroup;
			children = (
				D36E2CB12964439200C9B628 /* ScreenView.swift */,
				D36E2CAD2964416600C9B628 /* EntityView.swift */,
				D36E2CAB2964409800C9B628 /* DeviceView.swift */,
			);
			path = View;
			sourceTree = "<group>";
		};
		D36E2CB6296444F300C9B628 /* Doc */ = {
			isa = PBXGroup;
			children = (
				D36E2CB729644A1E00C9B628 /* Document.swift */,
				D36E2CAF2964424300C9B628 /* EntityFace.swift */,
				D36E2CA92964400900C9B628 /* Device.swift */,
				D36E2CA729643FD000C9B628 /* Entity.swift */,
			);
			path = Doc;
			sourceTree = "<group>";
		};
/* End PBXGroup section */

/* Begin PBXNativeTarget section */
		D36E2C9329643E3900C9B628 /* Shape Builder ver.2 */ = {
			isa = PBXNativeTarget;
			buildConfigurationList = D36E2CA229643E3A00C9B628 /* Build configuration list for PBXNativeTarget "Shape Builder ver.2" */;
			buildPhases = (
				D36E2C9029643E3900C9B628 /* Sources */,
				D36E2C9129643E3900C9B628 /* Frameworks */,
				D36E2C9229643E3900C9B628 /* Resources */,
			);
			buildRules = (
			);
			dependencies = (
			);
			name = "Shape Builder ver.2";
			productName = "Shape Builder ver.2";
			productReference = D36E2C9429643E3900C9B628 /* Shape Builder ver.2.app */;
			productType = "com.apple.product-type.application";
		};
/* End PBXNativeTarget section */

/* Begin PBXProject section */
		D36E2C8C29643E3900C9B628 /* Project object */ = {
			isa = PBXProject;
			attributes = {
				BuildIndependentTargetsInParallel = 1;
				LastSwiftUpdateCheck = 1410;
				LastUpgradeCheck = 1410;
				TargetAttributes = {
					D36E2C9329643E3900C9B628 = {
						CreatedOnToolsVersion = 14.1;
					};
				};
			};
			buildConfigurationList = D36E2C8F29643E3900C9B628 /* Build configuration list for PBXProject "Shape Builder ver.2" */;
			compatibilityVersion = "Xcode 14.0";
			developmentRegion = en;
			hasScannedForEncodings = 0;
			knownRegions = (
				en,
				Base,
			);
			mainGroup = D36E2C8B29643E3900C9B628;
			productRefGroup = D36E2C9529643E3900C9B628 /* Products */;
			projectDirPath = "";
			projectRoot = "";
			targets = (
				D36E2C9329643E3900C9B628 /* Shape Builder ver.2 */,
			);
		};
/* End PBXProject section */

/* Begin PBXResourcesBuildPhase section */
		D36E2C9229643E3900C9B628 /* Resources */ = {
			isa = PBXResourcesBuildPhase;
			buildActionMask = 2147483647;
			files = (
				D36E2C9F29643E3A00C9B628 /* Preview Assets.xcassets in Resources */,
				D36E2C9C29643E3A00C9B628 /* Assets.xcassets in Resources */,
			);
			runOnlyForDeploymentPostprocessing = 0;
		};
/* End PBXResourcesBuildPhase section */

/* Begin PBXSourcesBuildPhase section */
		D36E2C9029643E3900C9B628 /* Sources */ = {
			isa = PBXSourcesBuildPhase;
			buildActionMask = 2147483647;
			files = (
				D36E2CA829643FD000C9B628 /* Entity.swift in Sources */,
				D36E2C9A29643E3900C9B628 /* ContentView.swift in Sources */,
				D36E2CAC2964409800C9B628 /* DeviceView.swift in Sources */,
				D36E2CB22964439200C9B628 /* ScreenView.swift in Sources */,
				D36E2CB829644A1E00C9B628 /* Document.swift in Sources */,
				D36E2C9829643E3900C9B628 /* Shape_Builder_ver_2App.swift in Sources */,
				D36E2CAE2964416600C9B628 /* EntityView.swift in Sources */,
				D36E2CA629643F3200C9B628 /* NavigationBar.swift in Sources */,
				D36E2CAA2964400900C9B628 /* Device.swift in Sources */,
				D36E2CB42964441500C9B628 /* ShapeToolBar_View.swift in Sources */,
				D36E2CB02964424300C9B628 /* EntityFace.swift in Sources */,
			);
			runOnlyForDeploymentPostprocessing = 0;
		};
/* End PBXSourcesBuildPhase section */

/* Begin XCBuildConfiguration section */
		D36E2CA029643E3A00C9B628 /* Debug */ = {
			isa = XCBuildConfiguration;
			buildSettings = {
				ALWAYS_SEARCH_USER_PATHS = NO;
				CLANG_ANALYZER_NONNULL = YES;
				CLANG_ANALYZER_NUMBER_OBJECT_CONVERSION = YES_AGGRESSIVE;
				CLANG_CXX_LANGUAGE_STANDARD = "gnu++20";
				CLANG_ENABLE_MODULES = YES;
				CLANG_ENABLE_OBJC_ARC = YES;
				CLANG_ENABLE_OBJC_WEAK = YES;
				CLANG_WARN_BLOCK_CAPTURE_AUTORELEASING = YES;
				CLANG_WARN_BOOL_CONVERSION = YES;
				CLANG_WARN_COMMA = YES;
				CLANG_WARN_CONSTANT_CONVERSION = YES;
				CLANG_WARN_DEPRECATED_OBJC_IMPLEMENTATIONS = YES;
				CLANG_WARN_DIRECT_OBJC_ISA_USAGE = YES_ERROR;
				CLANG_WARN_DOCUMENTATION_COMMENTS = YES;
				CLANG_WARN_EMPTY_BODY = YES;
				CLANG_WARN_ENUM_CONVERSION = YES;
				CLANG_WARN_INFINITE_RECURSION = YES;
				CLANG_WARN_INT_CONVERSION = YES;
				CLANG_WARN_NON_LITERAL_NULL_CONVERSION = YES;
				CLANG_WARN_OBJC_IMPLICIT_RETAIN_SELF = YES;
				CLANG_WARN_OBJC_LITERAL_CONVERSION = YES;
				CLANG_WARN_OBJC_ROOT_CLASS = YES_ERROR;
				CLANG_WARN_QUOTED_INCLUDE_IN_FRAMEWORK_HEADER = YES;
				CLANG_WARN_RANGE_LOOP_ANALYSIS = YES;
				CLANG_WARN_STRICT_PROTOTYPES = YES;
				CLANG_WARN_SUSPICIOUS_MOVE = YES;
				CLANG_WARN_UNGUARDED_AVAILABILITY = YES_AGGRESSIVE;
				CLANG_WARN_UNREACHABLE_CODE = YES;
				CLANG_WARN__DUPLICATE_METHOD_MATCH = YES;
				COPY_PHASE_STRIP = NO;
				DEBUG_INFORMATION_FORMAT = dwarf;
				ENABLE_STRICT_OBJC_MSGSEND = YES;
				ENABLE_TESTABILITY = YES;
				GCC_C_LANGUAGE_STANDARD = gnu11;
				GCC_DYNAMIC_NO_PIC = NO;
				GCC_NO_COMMON_BLOCKS = YES;
				GCC_OPTIMIZATION_LEVEL = 0;
				GCC_PREPROCESSOR_DEFINITIONS = (
					"DEBUG=1",
					"$(inherited)",
				);
				GCC_WARN_64_TO_32_BIT_CONVERSION = YES;
				GCC_WARN_ABOUT_RETURN_TYPE = YES_ERROR;
				GCC_WARN_UNDECLARED_SELECTOR = YES;
				GCC_WARN_UNINITIALIZED_AUTOS = YES_AGGRESSIVE;
				GCC_WARN_UNUSED_FUNCTION = YES;
				GCC_WARN_UNUSED_VARIABLE = YES;
				IPHONEOS_DEPLOYMENT_TARGET = 16.1;
				MTL_ENABLE_DEBUG_INFO = INCLUDE_SOURCE;
				MTL_FAST_MATH = YES;
				ONLY_ACTIVE_ARCH = YES;
				SDKROOT = iphoneos;
				SWIFT_ACTIVE_COMPILATION_CONDITIONS = DEBUG;
				SWIFT_OPTIMIZATION_LEVEL = "-Onone";
			};
			name = Debug;
		};
		D36E2CA129643E3A00C9B628 /* Release */ = {
			isa = XCBuildConfiguration;
			buildSettings = {
				ALWAYS_SEARCH_USER_PATHS = NO;
				CLANG_ANALYZER_NONNULL = YES;
				CLANG_ANALYZER_NUMBER_OBJECT_CONVERSION = YES_AGGRESSIVE;
				CLANG_CXX_LANGUAGE_STANDARD = "gnu++20";
				CLANG_ENABLE_MODULES = YES;
				CLANG_ENABLE_OBJC_ARC = YES;
				CLANG_ENABLE_OBJC_WEAK = YES;
				CLANG_WARN_BLOCK_CAPTURE_AUTORELEASING = YES;
				CLANG_WARN_BOOL_CONVERSION = YES;
				CLANG_WARN_COMMA = YES;
				CLANG_WARN_CONSTANT_CONVERSION = YES;
				CLANG_WARN_DEPRECATED_OBJC_IMPLEMENTATIONS = YES;
				CLANG_WARN_DIRECT_OBJC_ISA_USAGE = YES_ERROR;
				CLANG_WARN_DOCUMENTATION_COMMENTS = YES;
				CLANG_WARN_EMPTY_BODY = YES;
				CLANG_WARN_ENUM_CONVERSION = YES;
				CLANG_WARN_INFINITE_RECURSION = YES;
				CLANG_WARN_INT_CONVERSION = YES;
				CLANG_WARN_NON_LITERAL_NULL_CONVERSION = YES;
				CLANG_WARN_OBJC_IMPLICIT_RETAIN_SELF = YES;
				CLANG_WARN_OBJC_LITERAL_CONVERSION = YES;
				CLANG_WARN_OBJC_ROOT_CLASS = YES_ERROR;
				CLANG_WARN_QUOTED_INCLUDE_IN_FRAMEWORK_HEADER = YES;
				CLANG_WARN_RANGE_LOOP_ANALYSIS = YES;
				CLANG_WARN_STRICT_PROTOTYPES = YES;
				CLANG_WARN_SUSPICIOUS_MOVE = YES;
				CLANG_WARN_UNGUARDED_AVAILABILITY = YES_AGGRESSIVE;
				CLANG_WARN_UNREACHABLE_CODE = YES;
				CLANG_WARN__DUPLICATE_METHOD_MATCH = YES;
				COPY_PHASE_STRIP = NO;
				DEBUG_INFORMATION_FORMAT = "dwarf-with-dsym";
				ENABLE_NS_ASSERTIONS = NO;
				ENABLE_STRICT_OBJC_MSGSEND = YES;
				GCC_C_LANGUAGE_STANDARD = gnu11;
				GCC_NO_COMMON_BLOCKS = YES;
				GCC_WARN_64_TO_32_BIT_CONVERSION = YES;
				GCC_WARN_ABOUT_RETURN_TYPE = YES_ERROR;
				GCC_WARN_UNDECLARED_SELECTOR = YES;
				GCC_WARN_UNINITIALIZED_AUTOS = YES_AGGRESSIVE;
				GCC_WARN_UNUSED_FUNCTION = YES;
				GCC_WARN_UNUSED_VARIABLE = YES;
				IPHONEOS_DEPLOYMENT_TARGET = 16.1;
				MTL_ENABLE_DEBUG_INFO = NO;
				MTL_FAST_MATH = YES;
				SDKROOT = iphoneos;
				SWIFT_COMPILATION_MODE = wholemodule;
				SWIFT_OPTIMIZATION_LEVEL = "-O";
				VALIDATE_PRODUCT = YES;
			};
			name = Release;
		};
		D36E2CA329643E3A00C9B628 /* Debug */ = {
			isa = XCBuildConfiguration;
			buildSettings = {
				ASSETCATALOG_COMPILER_APPICON_NAME = AppIcon;
				ASSETCATALOG_COMPILER_GLOBAL_ACCENT_COLOR_NAME = AccentColor;
				CODE_SIGN_STYLE = Automatic;
				CURRENT_PROJECT_VERSION = 1;
				DEVELOPMENT_ASSET_PATHS = "\"Shape Builder ver.2/Preview Content\"";
				DEVELOPMENT_TEAM = 9YAP876XSX;
				ENABLE_PREVIEWS = YES;
				GENERATE_INFOPLIST_FILE = YES;
				INFOPLIST_KEY_UIApplicationSceneManifest_Generation = YES;
				INFOPLIST_KEY_UIApplicationSupportsIndirectInputEvents = YES;
				INFOPLIST_KEY_UILaunchScreen_Generation = YES;
				INFOPLIST_KEY_UISupportedInterfaceOrientations_iPad = "UIInterfaceOrientationPortrait UIInterfaceOrientationPortraitUpsideDown UIInterfaceOrientationLandscapeLeft UIInterfaceOrientationLandscapeRight";
				INFOPLIST_KEY_UISupportedInterfaceOrientations_iPhone = "UIInterfaceOrientationPortrait UIInterfaceOrientationLandscapeLeft UIInterfaceOrientationLandscapeRight";
				LD_RUNPATH_SEARCH_PATHS = (
					"$(inherited)",
					"@executable_path/Frameworks",
				);
				MARKETING_VERSION = 1.0;
				PRODUCT_BUNDLE_IDENTIFIER = "personal.Shape-Builder-ver-2";
				PRODUCT_NAME = "$(TARGET_NAME)";
				SWIFT_EMIT_LOC_STRINGS = YES;
				SWIFT_VERSION = 5.0;
				TARGETED_DEVICE_FAMILY = "1,2";
			};
			name = Debug;
		};
		D36E2CA429643E3A00C9B628 /* Release */ = {
			isa = XCBuildConfiguration;
			buildSettings = {
				ASSETCATALOG_COMPILER_APPICON_NAME = AppIcon;
				ASSETCATALOG_COMPILER_GLOBAL_ACCENT_COLOR_NAME = AccentColor;
				CODE_SIGN_STYLE = Automatic;
				CURRENT_PROJECT_VERSION = 1;
				DEVELOPMENT_ASSET_PATHS = "\"Shape Builder ver.2/Preview Content\"";
				DEVELOPMENT_TEAM = 9YAP876XSX;
				ENABLE_PREVIEWS = YES;
				GENERATE_INFOPLIST_FILE = YES;
				INFOPLIST_KEY_UIApplicationSceneManifest_Generation = YES;
				INFOPLIST_KEY_UIApplicationSupportsIndirectInputEvents = YES;
				INFOPLIST_KEY_UILaunchScreen_Generation = YES;
				INFOPLIST_KEY_UISupportedInterfaceOrientations_iPad = "UIInterfaceOrientationPortrait UIInterfaceOrientationPortraitUpsideDown UIInterfaceOrientationLandscapeLeft UIInterfaceOrientationLandscapeRight";
				INFOPLIST_KEY_UISupportedInterfaceOrientations_iPhone = "UIInterfaceOrientationPortrait UIInterfaceOrientationLandscapeLeft UIInterfaceOrientationLandscapeRight";
				LD_RUNPATH_SEARCH_PATHS = (
					"$(inherited)",
					"@executable_path/Frameworks",
				);
				MARKETING_VERSION = 1.0;
				PRODUCT_BUNDLE_IDENTIFIER = "personal.Shape-Builder-ver-2";
				PRODUCT_NAME = "$(TARGET_NAME)";
				SWIFT_EMIT_LOC_STRINGS = YES;
				SWIFT_VERSION = 5.0;
				TARGETED_DEVICE_FAMILY = "1,2";
			};
			name = Release;
		};
/* End XCBuildConfiguration section */

/* Begin XCConfigurationList section */
		D36E2C8F29643E3900C9B628 /* Build configuration list for PBXProject "Shape Builder ver.2" */ = {
			isa = XCConfigurationList;
			buildConfigurations = (
				D36E2CA029643E3A00C9B628 /* Debug */,
				D36E2CA129643E3A00C9B628 /* Release */,
			);
			defaultConfigurationIsVisible = 0;
			defaultConfigurationName = Release;
		};
		D36E2CA229643E3A00C9B628 /* Build configuration list for PBXNativeTarget "Shape Builder ver.2" */ = {
			isa = XCConfigurationList;
			buildConfigurations = (
				D36E2CA329643E3A00C9B628 /* Debug */,
				D36E2CA429643E3A00C9B628 /* Release */,
			);
			defaultConfigurationIsVisible = 0;
			defaultConfigurationName = Release;
		};
/* End XCConfigurationList section */
	};
	rootObject = D36E2C8C29643E3900C9B628 /* Project object */;
}
